{
  "version": 4,
  "terraform_version": "1.4.6",
  "serial": 15,
  "lineage": "531e89f4-b2a5-978e-8728-c6544facedba",
  "outputs": {
    "PublicIp": {
      "value": "44.213.112.239",
      "type": "string"
    }
  },
  "resources": [
    {
      "mode": "managed",
      "type": "aws_instance",
      "name": "intro",
      "provider": "provider[\"registry.terraform.io/hashicorp/aws\"]",
      "instances": [
        {
          "schema_version": 1,
          "attributes": {
            "ami": "ami-053b0d53c279acc90",
            "arn": "arn:aws:ec2:us-east-1:076571974070:instance/i-00d34f0035ba1d0d8",
            "associate_public_ip_address": true,
            "availability_zone": "us-east-1a",
            "capacity_reservation_specification": [
              {
                "capacity_reservation_preference": "open",
                "capacity_reservation_target": []
              }
            ],
            "cpu_core_count": 1,
            "cpu_options": [
              {
                "amd_sev_snp": "",
                "core_count": 1,
                "threads_per_core": 1
              }
            ],
            "cpu_threads_per_core": 1,
            "credit_specification": [
              {
                "cpu_credits": "standard"
              }
            ],
            "disable_api_stop": false,
            "disable_api_termination": false,
            "ebs_block_device": [],
            "ebs_optimized": false,
            "enclave_options": [
              {
                "enabled": false
              }
            ],
            "ephemeral_block_device": [],
            "get_password_data": false,
            "hibernation": false,
            "host_id": "",
            "host_resource_group_arn": null,
            "iam_instance_profile": "",
            "id": "i-00d34f0035ba1d0d8",
            "instance_initiated_shutdown_behavior": "stop",
            "instance_state": "running",
            "instance_type": "t2.micro",
            "ipv6_address_count": 0,
            "ipv6_addresses": [],
            "key_name": "masterkey",
            "launch_template": [],
            "maintenance_options": [
              {
                "auto_recovery": "default"
              }
            ],
            "metadata_options": [
              {
                "http_endpoint": "enabled",
                "http_put_response_hop_limit": 1,
                "http_tokens": "optional",
                "instance_metadata_tags": "disabled"
              }
            ],
            "monitoring": false,
            "network_interface": [],
            "outpost_arn": "",
            "password_data": "",
            "placement_group": "",
            "placement_partition_number": 0,
            "primary_network_interface_id": "eni-09b3f44e014743b42",
            "private_dns": "ip-172-31-9-0.ec2.internal",
            "private_dns_name_options": [
              {
                "enable_resource_name_dns_a_record": false,
                "enable_resource_name_dns_aaaa_record": false,
                "hostname_type": "ip-name"
              }
            ],
            "private_ip": "172.31.9.0",
            "public_dns": "ec2-44-213-112-239.compute-1.amazonaws.com",
            "public_ip": "44.213.112.239",
            "root_block_device": [
              {
                "delete_on_termination": true,
                "device_name": "/dev/sda1",
                "encrypted": false,
                "iops": 100,
                "kms_key_id": "",
                "tags": {},
                "throughput": 0,
                "volume_id": "vol-09c35ac6b37cb9f21",
                "volume_size": 8,
                "volume_type": "gp2"
              }
            ],
            "secondary_private_ips": [],
            "security_groups": [
              "basic"
            ],
            "source_dest_check": true,
            "subnet_id": "subnet-03876b86471d87b76",
            "tags": {
              "Name": "Developer"
            },
            "tags_all": {
              "Name": "Developer"
            },
            "tenancy": "default",
            "timeouts": null,
            "user_data": null,
            "user_data_base64": null,
            "user_data_replace_on_change": false,
            "volume_tags": null,
            "vpc_security_group_ids": [
              "sg-09438a9fbfc5ef5b3"
            ]
          },
          "sensitive_attributes": [],
          "private": "eyJlMmJmYjczMC1lY2FhLTExZTYtOGY4OC0zNDM2M2JjN2M0YzAiOnsiY3JlYXRlIjo2MDAwMDAwMDAwMDAsImRlbGV0ZSI6MTIwMDAwMDAwMDAwMCwidXBkYXRlIjo2MDAwMDAwMDAwMDB9LCJzY2hlbWFfdmVyc2lvbiI6IjEifQ=="
        }
      ]
    },
    {
      "mode": "managed",
      "type": "aws_key_pair",
      "name": "masterkey",
      "provider": "provider[\"registry.terraform.io/hashicorp/aws\"]",
      "instances": [
        {
          "schema_version": 1,
          "attributes": {
            "arn": "arn:aws:ec2:us-east-1:076571974070:key-pair/masterkey",
            "fingerprint": "36:2f:38:16:ae:01:2e:6b:ec:09:bf:dd:a7:de:36:76",
            "id": "masterkey",
            "key_name": "masterkey",
            "key_name_prefix": "",
            "key_pair_id": "key-044e91fbd469d15c2",
            "key_type": "rsa",
            "public_key": "ssh-rsa AAAAB3NzaC1yc2EAAAADAQABAAABgQCrVsd8xxXWBY5IKJsDPjg+0Ys+EATlH5J1cfvJsZ2mXvUZR7f1iq+T+qDsMlmizV3rudSEV/JnkCeZDeeTvRtqRcoiNRPqQzSAFeut072Bmvpp8M5dMKeqnm47HYlu3RGN6psEseweevKwGoJOJpMnoi42Bj+KIs2rHKmPfDZCBTQKiuizwIXvIQgExuGzgB6FRkXstFc5tSPHHSXZwnieVUN8aqQamG6PC/5c/KCS7aSEns9MIOv65W9fZ9Rm+B9x5cT54NzlzxWuSkXtvqHUIwDReII7MumPllfK42iUp1wtQZHc25RtmGx4usThM3VKsjESPwTKN0Fev9E1vII2Pozv7dgQmuz6+W8hWFkmBe94mJBwi2RGdsdLhC4a3uojmDyd+IHYsNm0stnBtk3JOOpH5koDnq9xRfD1IwnX7B59mV4rwXOk94lb2xCaDA6J9yQXmmjjV/Njq0aWb9pv7zUdPtNORaALq6bi+lsHcsNaZX6DGq5fQ/eHCn5jg8U= root@ip-172-31-95-180",
            "tags": null,
            "tags_all": {}
          },
          "sensitive_attributes": [],
          "private": "eyJzY2hlbWFfdmVyc2lvbiI6IjEifQ=="
        }
      ]
    }
  ],
  "check_results": null
}
